
Microsoft Visual Studio Solution File, Format Version 12.00
# Visual Studio Version 17
VisualStudioVersion = 17.0.31919.166
MinimumVisualStudioVersion = 10.0.40219.1
Project("{8BC9CEB8-8B4A-11D0-8D11-00A0C91BC942}") = "Aufgabe26", "Aufgabe26\Aufgabe26.vcxproj", "{B4955208-FDF5-46AA-B20C-A4D57A2AC828}"
EndProject
Project("{8BC9CEB8-8B4A-11D0-8D11-00A0C91BC942}") = "VariadicTemplates", "VariadicTemplates\VariadicTemplates.vcxproj", "{1C9953B9-EECD-42FE-9A94-2E0BA55C32C2}"
EndProject
Project("{8BC9CEB8-8B4A-11D0-8D11-00A0C91BC942}") = "SelfdefinedOperator", "SelfdefinedOperator\SelfdefinedOperator.vcxproj", "{F2804EFD-2EFC-4D34-B841-76459EE954A2}"
EndProject
Global
	GlobalSection(SolutionConfigurationPlatforms) = preSolution
		Debug|x64 = Debug|x64
		Debug|x86 = Debug|x86
		Release|x64 = Release|x64
		Release|x86 = Release|x86
	EndGlobalSection
	GlobalSection(ProjectConfigurationPlatforms) = postSolution
		{B4955208-FDF5-46AA-B20C-A4D57A2AC828}.Debug|x64.ActiveCfg = Debug|x64
		{B4955208-FDF5-46AA-B20C-A4D57A2AC828}.Debug|x64.Build.0 = Debug|x64
		{B4955208-FDF5-46AA-B20C-A4D57A2AC828}.Debug|x86.ActiveCfg = Debug|Win32
		{B4955208-FDF5-46AA-B20C-A4D57A2AC828}.Debug|x86.Build.0 = Debug|Win32
		{B4955208-FDF5-46AA-B20C-A4D57A2AC828}.Release|x64.ActiveCfg = Release|x64
		{B4955208-FDF5-46AA-B20C-A4D57A2AC828}.Release|x64.Build.0 = Release|x64
		{B4955208-FDF5-46AA-B20C-A4D57A2AC828}.Release|x86.ActiveCfg = Release|Win32
		{B4955208-FDF5-46AA-B20C-A4D57A2AC828}.Release|x86.Build.0 = Release|Win32
		{1C9953B9-EECD-42FE-9A94-2E0BA55C32C2}.Debug|x64.ActiveCfg = Debug|x64
		{1C9953B9-EECD-42FE-9A94-2E0BA55C32C2}.Debug|x64.Build.0 = Debug|x64
		{1C9953B9-EECD-42FE-9A94-2E0BA55C32C2}.Debug|x86.ActiveCfg = Debug|Win32
		{1C9953B9-EECD-42FE-9A94-2E0BA55C32C2}.Debug|x86.Build.0 = Debug|Win32
		{1C9953B9-EECD-42FE-9A94-2E0BA55C32C2}.Release|x64.ActiveCfg = Release|x64
		{1C9953B9-EECD-42FE-9A94-2E0BA55C32C2}.Release|x64.Build.0 = Release|x64
		{1C9953B9-EECD-42FE-9A94-2E0BA55C32C2}.Release|x86.ActiveCfg = Release|Win32
		{1C9953B9-EECD-42FE-9A94-2E0BA55C32C2}.Release|x86.Build.0 = Release|Win32
		{F2804EFD-2EFC-4D34-B841-76459EE954A2}.Debug|x64.ActiveCfg = Debug|x64
		{F2804EFD-2EFC-4D34-B841-76459EE954A2}.Debug|x64.Build.0 = Debug|x64
		{F2804EFD-2EFC-4D34-B841-76459EE954A2}.Debug|x86.ActiveCfg = Debug|Win32
		{F2804EFD-2EFC-4D34-B841-76459EE954A2}.Debug|x86.Build.0 = Debug|Win32
		{F2804EFD-2EFC-4D34-B841-76459EE954A2}.Release|x64.ActiveCfg = Release|x64
		{F2804EFD-2EFC-4D34-B841-76459EE954A2}.Release|x64.Build.0 = Release|x64
		{F2804EFD-2EFC-4D34-B841-76459EE954A2}.Release|x86.ActiveCfg = Release|Win32
		{F2804EFD-2EFC-4D34-B841-76459EE954A2}.Release|x86.Build.0 = Release|Win32
	EndGlobalSection
	GlobalSection(SolutionProperties) = preSolution
		HideSolutionNode = FALSE
	EndGlobalSection
	GlobalSection(ExtensibilityGlobals) = postSolution
		SolutionGuid = {6CE68BDD-3143-419E-9CD1-7D26D59C0F94}
	EndGlobalSection
EndGlobal
